
Microsoft Visual Studio Solution File, Format Version 12.00
# Visual Studio Version 16
VisualStudioVersion = 16.0.29123.88
MinimumVisualStudioVersion = 10.0.40219.1
Project("{9A19103F-16F7-4668-BE54-9A1E7A4F7556}") = "DiabloII.Items.Reader", "DiabloII.Items.Reader\DiabloII.Items.Reader.csproj", "{C5EC9316-DC4D-46BF-BA89-CE92E955FD97}"
EndProject
Project("{9A19103F-16F7-4668-BE54-9A1E7A4F7556}") = "DiabloII.Items.Generator", "DiabloII.Items.Generator\DiabloII.Items.Generator.csproj", "{16C2452A-3B25-4B68-99E1-9E403EE2B835}"
EndProject
Project("{9A19103F-16F7-4668-BE54-9A1E7A4F7556}") = "DiabloII.Infrastructure", "DiabloII.Infrastructure\DiabloII.Infrastructure.csproj", "{5B0C8F0F-1798-4FD7-A42D-5D731A5A0008}"
EndProject
Project("{9A19103F-16F7-4668-BE54-9A1E7A4F7556}") = "DiabloII.Domain", "DiabloII.Domain\DiabloII.Domain.csproj", "{392C0857-28A4-49F1-BE68-B07FAFE0FEBC}"
EndProject
Project("{9A19103F-16F7-4668-BE54-9A1E7A4F7556}") = "DiabloII.Infrastructure.Tests", "DiabloII.Infrastructure.Tests\DiabloII.Infrastructure.Tests.csproj", "{03715705-7FBD-4ECF-A156-69711393CD83}"
EndProject
Project("{9A19103F-16F7-4668-BE54-9A1E7A4F7556}") = "DiabloII.Application", "DiabloII.Application\DiabloII.Application.csproj", "{4157859C-13CD-4D0E-99B1-8F62CDEE92DC}"
EndProject
Global
	GlobalSection(SolutionConfigurationPlatforms) = preSolution
		Debug|Any CPU = Debug|Any CPU
		Release|Any CPU = Release|Any CPU
	EndGlobalSection
	GlobalSection(ProjectConfigurationPlatforms) = postSolution
		{C5EC9316-DC4D-46BF-BA89-CE92E955FD97}.Debug|Any CPU.ActiveCfg = Debug|Any CPU
		{C5EC9316-DC4D-46BF-BA89-CE92E955FD97}.Debug|Any CPU.Build.0 = Debug|Any CPU
		{C5EC9316-DC4D-46BF-BA89-CE92E955FD97}.Release|Any CPU.ActiveCfg = Release|Any CPU
		{C5EC9316-DC4D-46BF-BA89-CE92E955FD97}.Release|Any CPU.Build.0 = Release|Any CPU
		{16C2452A-3B25-4B68-99E1-9E403EE2B835}.Debug|Any CPU.ActiveCfg = Debug|Any CPU
		{16C2452A-3B25-4B68-99E1-9E403EE2B835}.Debug|Any CPU.Build.0 = Debug|Any CPU
		{16C2452A-3B25-4B68-99E1-9E403EE2B835}.Release|Any CPU.ActiveCfg = Release|Any CPU
		{16C2452A-3B25-4B68-99E1-9E403EE2B835}.Release|Any CPU.Build.0 = Release|Any CPU
		{5B0C8F0F-1798-4FD7-A42D-5D731A5A0008}.Debug|Any CPU.ActiveCfg = Debug|Any CPU
		{5B0C8F0F-1798-4FD7-A42D-5D731A5A0008}.Debug|Any CPU.Build.0 = Debug|Any CPU
		{5B0C8F0F-1798-4FD7-A42D-5D731A5A0008}.Release|Any CPU.ActiveCfg = Release|Any CPU
		{5B0C8F0F-1798-4FD7-A42D-5D731A5A0008}.Release|Any CPU.Build.0 = Release|Any CPU
		{392C0857-28A4-49F1-BE68-B07FAFE0FEBC}.Debug|Any CPU.ActiveCfg = Debug|Any CPU
		{392C0857-28A4-49F1-BE68-B07FAFE0FEBC}.Debug|Any CPU.Build.0 = Debug|Any CPU
		{392C0857-28A4-49F1-BE68-B07FAFE0FEBC}.Release|Any CPU.ActiveCfg = Release|Any CPU
		{392C0857-28A4-49F1-BE68-B07FAFE0FEBC}.Release|Any CPU.Build.0 = Release|Any CPU
		{03715705-7FBD-4ECF-A156-69711393CD83}.Debug|Any CPU.ActiveCfg = Debug|Any CPU
		{03715705-7FBD-4ECF-A156-69711393CD83}.Debug|Any CPU.Build.0 = Debug|Any CPU
		{03715705-7FBD-4ECF-A156-69711393CD83}.Release|Any CPU.ActiveCfg = Release|Any CPU
		{03715705-7FBD-4ECF-A156-69711393CD83}.Release|Any CPU.Build.0 = Release|Any CPU
		{4157859C-13CD-4D0E-99B1-8F62CDEE92DC}.Debug|Any CPU.ActiveCfg = Debug|Any CPU
		{4157859C-13CD-4D0E-99B1-8F62CDEE92DC}.Debug|Any CPU.Build.0 = Debug|Any CPU
		{4157859C-13CD-4D0E-99B1-8F62CDEE92DC}.Release|Any CPU.ActiveCfg = Release|Any CPU
		{4157859C-13CD-4D0E-99B1-8F62CDEE92DC}.Release|Any CPU.Build.0 = Release|Any CPU
	EndGlobalSection
	GlobalSection(SolutionProperties) = preSolution
		HideSolutionNode = FALSE
	EndGlobalSection
	GlobalSection(ExtensibilityGlobals) = postSolution
		SolutionGuid = {A20C1DFA-E4D1-4674-A942-0B0CBB50EB62}
	EndGlobalSection
EndGlobal
