
Microsoft Visual Studio Solution File, Format Version 12.00
# Visual Studio Version 16
VisualStudioVersion = 16.0.29123.88
MinimumVisualStudioVersion = 10.0.40219.1
Project("{2150E333-8FDC-42A3-9474-1A3956D46DE8}") = ".paket", ".paket", "{5BEA0391-98B4-4A55-B28F-C63FF1C10981}"
	ProjectSection(SolutionItems) = preProject
		paket.dependencies = paket.dependencies
	EndProjectSection
EndProject
Project("{FAE04EC0-301F-11D3-BF4B-00C04F79EFBC}") = "DiabloII.Items.Reader", "DiabloII.Items.Reader\DiabloII.Items.Reader.csproj", "{E8E5B8C2-59B2-4187-893E-79ED5AF0ECFA}"
EndProject
Project("{FAE04EC0-301F-11D3-BF4B-00C04F79EFBC}") = "DiabloII.Items.Generator", "DiabloII.Items\DiabloII.Items.Generator.csproj", "{73EA650B-03C3-4528-A3A1-D3EBA379B1B7}"
EndProject
Project("{9A19103F-16F7-4668-BE54-9A1E7A4F7556}") = "DiabloII.Items.Api", "DiabloII.Items.Api\DiabloII.Items.Api.csproj", "{F2C55776-17A1-4CCA-91A3-DBED9FD2AA03}"
EndProject
Project("{FAE04EC0-301F-11D3-BF4B-00C04F79EFBC}") = "DiabloII.Items.Api.Tests", "DiabloII.Items.Api.Tests\DiabloII.Items.Api.Tests.csproj", "{F9DB1E21-096E-4DDF-AA6F-EA6C7377BD48}"
EndProject
Global
	GlobalSection(SolutionConfigurationPlatforms) = preSolution
		Debug|Any CPU = Debug|Any CPU
		Release|Any CPU = Release|Any CPU
	EndGlobalSection
	GlobalSection(ProjectConfigurationPlatforms) = postSolution
		{E8E5B8C2-59B2-4187-893E-79ED5AF0ECFA}.Debug|Any CPU.ActiveCfg = Debug|Any CPU
		{E8E5B8C2-59B2-4187-893E-79ED5AF0ECFA}.Debug|Any CPU.Build.0 = Debug|Any CPU
		{E8E5B8C2-59B2-4187-893E-79ED5AF0ECFA}.Release|Any CPU.ActiveCfg = Release|Any CPU
		{E8E5B8C2-59B2-4187-893E-79ED5AF0ECFA}.Release|Any CPU.Build.0 = Release|Any CPU
		{73EA650B-03C3-4528-A3A1-D3EBA379B1B7}.Debug|Any CPU.ActiveCfg = Debug|Any CPU
		{73EA650B-03C3-4528-A3A1-D3EBA379B1B7}.Debug|Any CPU.Build.0 = Debug|Any CPU
		{73EA650B-03C3-4528-A3A1-D3EBA379B1B7}.Release|Any CPU.ActiveCfg = Release|Any CPU
		{73EA650B-03C3-4528-A3A1-D3EBA379B1B7}.Release|Any CPU.Build.0 = Release|Any CPU
		{F2C55776-17A1-4CCA-91A3-DBED9FD2AA03}.Debug|Any CPU.ActiveCfg = Debug|Any CPU
		{F2C55776-17A1-4CCA-91A3-DBED9FD2AA03}.Debug|Any CPU.Build.0 = Debug|Any CPU
		{F2C55776-17A1-4CCA-91A3-DBED9FD2AA03}.Release|Any CPU.ActiveCfg = Release|Any CPU
		{F2C55776-17A1-4CCA-91A3-DBED9FD2AA03}.Release|Any CPU.Build.0 = Release|Any CPU
		{F9DB1E21-096E-4DDF-AA6F-EA6C7377BD48}.Debug|Any CPU.ActiveCfg = Debug|Any CPU
		{F9DB1E21-096E-4DDF-AA6F-EA6C7377BD48}.Debug|Any CPU.Build.0 = Debug|Any CPU
		{F9DB1E21-096E-4DDF-AA6F-EA6C7377BD48}.Release|Any CPU.ActiveCfg = Release|Any CPU
		{F9DB1E21-096E-4DDF-AA6F-EA6C7377BD48}.Release|Any CPU.Build.0 = Release|Any CPU
	EndGlobalSection
	GlobalSection(SolutionProperties) = preSolution
		HideSolutionNode = FALSE
	EndGlobalSection
	GlobalSection(ExtensibilityGlobals) = postSolution
		SolutionGuid = {A20C1DFA-E4D1-4674-A942-0B0CBB50EB62}
	EndGlobalSection
EndGlobal
